{
  "version": 4,
  "terraform_version": "1.4.6",
  "serial": 42,
  "lineage": "085c2251-119e-a70f-e633-5f9a1970da85",
  "outputs": {
    "get_item_info_url": {
      "value": "https://hqu55s18y4.execute-api.ca-central-1.amazonaws.com/",
      "type": "string"
    },
    "get_menu_items_url": {
      "value": "https://hqu55s18y4.execute-api.ca-central-1.amazonaws.com/",
      "type": "string"
    },
    "save_customer_info_url": {
      "value": "https://hqu55s18y4.execute-api.ca-central-1.amazonaws.com/",
      "type": "string"
    }
  },
  "resources": [
    {
      "mode": "managed",
      "type": "aws_api_gateway_deployment",
      "name": "momotaro_deployment",
      "provider": "provider[\"registry.terraform.io/hashicorp/aws\"]",
      "instances": [
        {
          "schema_version": 0,
          "attributes": {
            "created_date": "2023-09-16T03:18:05Z",
            "description": "",
            "execution_arn": "arn:aws:execute-api:ca-central-1:798965869505:hqu55s18y4/",
            "id": "3y9wnq",
            "invoke_url": "https://hqu55s18y4.execute-api.ca-central-1.amazonaws.com/",
            "rest_api_id": "hqu55s18y4",
            "stage_description": null,
            "stage_name": null,
            "triggers": {
              "get_item_price_integration": "Triggered by get_item_price_integration",
              "get_menu_items_integration": "Triggered by get_menu_items_integration",
              "save_customer_info_integration": "Triggered by save_customer_info_integration"
            },
            "variables": null
          },
          "sensitive_attributes": [],
          "private": "bnVsbA==",
          "dependencies": [
            "aws_api_gateway_rest_api.momotaro_api"
          ],
          "create_before_destroy": true
        }
      ]
    },
    {
      "mode": "managed",
      "type": "aws_api_gateway_integration",
      "name": "get_item_price_integration",
      "provider": "provider[\"registry.terraform.io/hashicorp/aws\"]",
      "instances": [
        {
          "schema_version": 0,
          "attributes": {
            "cache_key_parameters": [],
            "cache_namespace": "gsnnkr",
            "connection_id": "",
            "connection_type": "INTERNET",
            "content_handling": "",
            "credentials": "arn:aws:iam::798965869505:role/MomotaroAPIGateway",
            "http_method": "GET",
            "id": "agi-hqu55s18y4-gsnnkr-GET",
            "integration_http_method": "POST",
            "passthrough_behavior": "WHEN_NO_TEMPLATES",
            "request_parameters": {
              "integration.request.header.Content-Type": "'application/json'"
            },
            "request_templates": {
              "application/json": "   {\r\n  #set($item_name = $input.path('$.item_name'))\r\n  \"TableName\": \"MomotaroSushiMenu_DB\",\r\n  \"Key\": {\r\n    \"ItemName\": {\r\n      \"S\": \"$item_name\"\r\n    }\r\n  },\r\n  \"ProjectionExpression\": \"price\"\r\n}\r\n\r\n"
            },
            "resource_id": "gsnnkr",
            "rest_api_id": "hqu55s18y4",
            "timeout_milliseconds": 29000,
            "tls_config": [],
            "type": "AWS",
            "uri": "arn:aws:apigateway:ca-central-1:dynamodb:action/GetItem"
          },
          "sensitive_attributes": [],
          "private": "bnVsbA==",
          "dependencies": [
            "aws_api_gateway_method.get_item_price_method",
            "aws_api_gateway_resource.get_item_price",
            "aws_api_gateway_resource.momotaro",
            "aws_api_gateway_rest_api.momotaro_api"
          ]
        }
      ]
    },
    {
      "mode": "managed",
      "type": "aws_api_gateway_integration",
      "name": "get_menu_items_integration",
      "provider": "provider[\"registry.terraform.io/hashicorp/aws\"]",
      "instances": [
        {
          "schema_version": 0,
          "attributes": {
            "cache_key_parameters": [],
            "cache_namespace": "veyd76",
            "connection_id": "",
            "connection_type": "INTERNET",
            "content_handling": "",
            "credentials": "arn:aws:iam::798965869505:role/MomotaroAPIGateway",
            "http_method": "GET",
            "id": "agi-hqu55s18y4-veyd76-GET",
            "integration_http_method": "POST",
            "passthrough_behavior": "WHEN_NO_TEMPLATES",
            "request_parameters": {
              "integration.request.header.Content-Type": "'application/json'"
            },
            "request_templates": {
              "application/json": "    {\r\n      #set(\\$inputRoot = \\$input.path('\\$'))\r\n      \"TableName\": \"MomotaroSushiMenu_DB\",\r\n      \"ProjectionExpression\": \"ItemName\"\r\n    }\r\n"
            },
            "resource_id": "veyd76",
            "rest_api_id": "hqu55s18y4",
            "timeout_milliseconds": 29000,
            "tls_config": [],
            "type": "AWS",
            "uri": "arn:aws:apigateway:ca-central-1:dynamodb:action/Scan"
          },
          "sensitive_attributes": [],
          "private": "bnVsbA==",
          "dependencies": [
            "aws_api_gateway_method.get_menu_items_method",
            "aws_api_gateway_resource.get_menu_items",
            "aws_api_gateway_resource.momotaro",
            "aws_api_gateway_rest_api.momotaro_api"
          ]
        }
      ]
    },
    {
      "mode": "managed",
      "type": "aws_api_gateway_integration",
      "name": "save_customer_info_integration",
      "provider": "provider[\"registry.terraform.io/hashicorp/aws\"]",
      "instances": [
        {
          "schema_version": 0,
          "attributes": {
            "cache_key_parameters": [],
            "cache_namespace": "bhiehy",
            "connection_id": "",
            "connection_type": "INTERNET",
            "content_handling": "",
            "credentials": "arn:aws:iam::798965869505:role/MomotaroAPIGateway",
            "http_method": "POST",
            "id": "agi-hqu55s18y4-bhiehy-POST",
            "integration_http_method": "POST",
            "passthrough_behavior": "WHEN_NO_TEMPLATES",
            "request_parameters": {
              "integration.request.header.Content-Type": "'application/json'"
            },
            "request_templates": {
              "application/json": "    {\r\n      #set(\\$inputRoot = \\$input.path('\\$'))\r\n      \"TableName\": \"MomotaroSushi_DB\",\r\n      \"Item\": {\r\n        \"OrderID\": {\r\n          \"S\": \"\\$inputRoot.order_id\"\r\n        },\r\n        \"CustomerName\": {\r\n          \"S\": \"\\$inputRoot.name\"\r\n        },\r\n        \"CustomerOrder\": {\r\n          \"S\": \"\\$inputRoot.ordered_items\"\r\n        },\r\n        \"PhoneNumber\": {\r\n          \"S\": \"\\$inputRoot.phone_number\"\r\n        },\r\n        \"PickUpTime\": {\r\n          \"S\": \"\\$inputRoot.pickup_time\"\r\n        },\r\n        \"TotalPrice\": {\r\n          \"S\": \"\\$inputRoot.total_price_with_tax\"\r\n        }\r\n      }\r\n    }\r\n"
            },
            "resource_id": "bhiehy",
            "rest_api_id": "hqu55s18y4",
            "timeout_milliseconds": 29000,
            "tls_config": [],
            "type": "AWS",
            "uri": "arn:aws:apigateway:ca-central-1:dynamodb:action/PutItem"
          },
          "sensitive_attributes": [],
          "private": "bnVsbA==",
          "dependencies": [
            "aws_api_gateway_method.save_customer_info_method",
            "aws_api_gateway_resource.momotaro",
            "aws_api_gateway_resource.save_customer_info",
            "aws_api_gateway_rest_api.momotaro_api"
          ]
        }
      ]
    },
    {
      "mode": "managed",
      "type": "aws_api_gateway_integration",
      "name": "send_email_integration",
      "provider": "provider[\"registry.terraform.io/hashicorp/aws\"]",
      "instances": [
        {
          "schema_version": 0,
          "attributes": {
            "cache_key_parameters": [],
            "cache_namespace": "g8ra90",
            "connection_id": "",
            "connection_type": "INTERNET",
            "content_handling": "",
            "credentials": "arn:aws:iam::798965869505:role/MomotaroAPIGateway",
            "http_method": "POST",
            "id": "agi-hqu55s18y4-g8ra90-POST",
            "integration_http_method": "POST",
            "passthrough_behavior": "WHEN_NO_MATCH",
            "request_parameters": {},
            "request_templates": {},
            "resource_id": "g8ra90",
            "rest_api_id": "hqu55s18y4",
            "timeout_milliseconds": 29000,
            "tls_config": [],
            "type": "AWS",
            "uri": "arn:aws:apigateway:ca-central-1:ses:action/SendEmail"
          },
          "sensitive_attributes": [],
          "private": "bnVsbA==",
          "dependencies": [
            "aws_api_gateway_method.send_email_method",
            "aws_api_gateway_resource.send_email",
            "aws_api_gateway_rest_api.momotaro_api"
          ]
        }
      ]
    },
    {
      "mode": "managed",
      "type": "aws_api_gateway_integration_response",
      "name": "get_item_price_integration_response",
      "provider": "provider[\"registry.terraform.io/hashicorp/aws\"]",
      "instances": [
        {
          "schema_version": 0,
          "attributes": {
            "content_handling": "",
            "http_method": "GET",
            "id": "agir-hqu55s18y4-gsnnkr-GET-200",
            "resource_id": "gsnnkr",
            "response_parameters": {},
            "response_templates": {
              "application/json": "{\r\n  #set($item = $input.path('$.Item'))\r\n  \"price\": $item.price.N\r\n}\r\n"
            },
            "rest_api_id": "hqu55s18y4",
            "selection_pattern": "",
            "status_code": "200"
          },
          "sensitive_attributes": [],
          "private": "bnVsbA==",
          "dependencies": [
            "aws_api_gateway_method.get_item_price_method",
            "aws_api_gateway_method_response.get_item_price_method_response",
            "aws_api_gateway_resource.get_item_price",
            "aws_api_gateway_resource.momotaro",
            "aws_api_gateway_rest_api.momotaro_api"
          ]
        }
      ]
    },
    {
      "mode": "managed",
      "type": "aws_api_gateway_integration_response",
      "name": "get_menu_items_integration_response",
      "provider": "provider[\"registry.terraform.io/hashicorp/aws\"]",
      "instances": [
        {
          "schema_version": 0,
          "attributes": {
            "content_handling": "",
            "http_method": "GET",
            "id": "agir-hqu55s18y4-veyd76-GET-200",
            "resource_id": "veyd76",
            "response_parameters": {},
            "response_templates": {
              "application/json": "{\r\n  #set($items = $input.path('$.Items'))\r\n  \"items\": [\r\n    #foreach($item in $items)\r\n    \"$item.ItemName.S\"\r\n    #if($foreach.hasNext),#end\r\n    #end\r\n  ]\r\n}\r\n"
            },
            "rest_api_id": "hqu55s18y4",
            "selection_pattern": "",
            "status_code": "200"
          },
          "sensitive_attributes": [],
          "private": "bnVsbA==",
          "dependencies": [
            "aws_api_gateway_method.get_menu_items_method",
            "aws_api_gateway_method_response.get_menu_items_integration_response",
            "aws_api_gateway_resource.get_menu_items",
            "aws_api_gateway_resource.momotaro",
            "aws_api_gateway_rest_api.momotaro_api"
          ]
        }
      ]
    },
    {
      "mode": "managed",
      "type": "aws_api_gateway_integration_response",
      "name": "save_customer_info_integration_response",
      "provider": "provider[\"registry.terraform.io/hashicorp/aws\"]",
      "instances": [
        {
          "schema_version": 0,
          "attributes": {
            "content_handling": "",
            "http_method": "POST",
            "id": "agir-hqu55s18y4-bhiehy-POST-200",
            "resource_id": "bhiehy",
            "response_parameters": {},
            "response_templates": {
              "application/json": "{\r\n   #set($inputRoot = $input.path('$'))\r\n$input.json('$')\r\n\r\n}\r\n\r\n"
            },
            "rest_api_id": "hqu55s18y4",
            "selection_pattern": "",
            "status_code": "200"
          },
          "sensitive_attributes": [],
          "private": "bnVsbA==",
          "dependencies": [
            "aws_api_gateway_method.save_customer_info_method",
            "aws_api_gateway_method_response.save_customer_info_integration_response",
            "aws_api_gateway_resource.momotaro",
            "aws_api_gateway_resource.save_customer_info",
            "aws_api_gateway_rest_api.momotaro_api"
          ]
        }
      ]
    },
    {
      "mode": "managed",
      "type": "aws_api_gateway_integration_response",
      "name": "send_email_integration_response",
      "provider": "provider[\"registry.terraform.io/hashicorp/aws\"]",
      "instances": [
        {
          "schema_version": 0,
          "attributes": {
            "content_handling": "",
            "http_method": "POST",
            "id": "agir-hqu55s18y4-g8ra90-POST-200",
            "resource_id": "g8ra90",
            "response_parameters": {},
            "response_templates": {
              "application/json": "{\r\n   #set($inputRoot = $input.path('$'))\r\n$input.json('$')\r\n\r\n}\r\n\r\n"
            },
            "rest_api_id": "hqu55s18y4",
            "selection_pattern": "",
            "status_code": "200"
          },
          "sensitive_attributes": [],
          "private": "bnVsbA==",
          "dependencies": [
            "aws_api_gateway_method.send_email_method",
            "aws_api_gateway_method_response.send_email_integration_response",
            "aws_api_gateway_resource.momotaro",
            "aws_api_gateway_resource.send_email",
            "aws_api_gateway_rest_api.momotaro_api"
          ]
        }
      ]
    },
    {
      "mode": "managed",
      "type": "aws_api_gateway_method",
      "name": "get_item_price_method",
      "provider": "provider[\"registry.terraform.io/hashicorp/aws\"]",
      "instances": [
        {
          "schema_version": 0,
          "attributes": {
            "api_key_required": false,
            "authorization": "NONE",
            "authorization_scopes": [],
            "authorizer_id": "",
            "http_method": "GET",
            "id": "agm-hqu55s18y4-gsnnkr-GET",
            "operation_name": "",
            "request_models": {},
            "request_parameters": {},
            "request_validator_id": "",
            "resource_id": "gsnnkr",
            "rest_api_id": "hqu55s18y4"
          },
          "sensitive_attributes": [],
          "private": "bnVsbA==",
          "dependencies": [
            "aws_api_gateway_resource.get_item_price",
            "aws_api_gateway_resource.momotaro",
            "aws_api_gateway_rest_api.momotaro_api"
          ]
        }
      ]
    },
    {
      "mode": "managed",
      "type": "aws_api_gateway_method",
      "name": "get_menu_items_method",
      "provider": "provider[\"registry.terraform.io/hashicorp/aws\"]",
      "instances": [
        {
          "schema_version": 0,
          "attributes": {
            "api_key_required": false,
            "authorization": "NONE",
            "authorization_scopes": [],
            "authorizer_id": "",
            "http_method": "GET",
            "id": "agm-hqu55s18y4-veyd76-GET",
            "operation_name": "",
            "request_models": {},
            "request_parameters": {},
            "request_validator_id": "",
            "resource_id": "veyd76",
            "rest_api_id": "hqu55s18y4"
          },
          "sensitive_attributes": [],
          "private": "bnVsbA==",
          "dependencies": [
            "aws_api_gateway_resource.get_menu_items",
            "aws_api_gateway_resource.momotaro",
            "aws_api_gateway_rest_api.momotaro_api"
          ]
        }
      ]
    },
    {
      "mode": "managed",
      "type": "aws_api_gateway_method",
      "name": "save_customer_info_method",
      "provider": "provider[\"registry.terraform.io/hashicorp/aws\"]",
      "instances": [
        {
          "schema_version": 0,
          "attributes": {
            "api_key_required": false,
            "authorization": "NONE",
            "authorization_scopes": [],
            "authorizer_id": "",
            "http_method": "POST",
            "id": "agm-hqu55s18y4-bhiehy-POST",
            "operation_name": "",
            "request_models": {},
            "request_parameters": {},
            "request_validator_id": "",
            "resource_id": "bhiehy",
            "rest_api_id": "hqu55s18y4"
          },
          "sensitive_attributes": [],
          "private": "bnVsbA==",
          "dependencies": [
            "aws_api_gateway_resource.momotaro",
            "aws_api_gateway_resource.save_customer_info",
            "aws_api_gateway_rest_api.momotaro_api"
          ]
        }
      ]
    },
    {
      "mode": "managed",
      "type": "aws_api_gateway_method",
      "name": "send_email_method",
      "provider": "provider[\"registry.terraform.io/hashicorp/aws\"]",
      "instances": [
        {
          "schema_version": 0,
          "attributes": {
            "api_key_required": false,
            "authorization": "NONE",
            "authorization_scopes": [],
            "authorizer_id": "",
            "http_method": "POST",
            "id": "agm-hqu55s18y4-g8ra90-POST",
            "operation_name": "",
            "request_models": {},
            "request_parameters": {},
            "request_validator_id": "",
            "resource_id": "g8ra90",
            "rest_api_id": "hqu55s18y4"
          },
          "sensitive_attributes": [],
          "private": "bnVsbA==",
          "dependencies": [
            "aws_api_gateway_resource.momotaro",
            "aws_api_gateway_resource.send_email",
            "aws_api_gateway_rest_api.momotaro_api"
          ]
        }
      ]
    },
    {
      "mode": "managed",
      "type": "aws_api_gateway_method_response",
      "name": "get_item_price_method_response",
      "provider": "provider[\"registry.terraform.io/hashicorp/aws\"]",
      "instances": [
        {
          "schema_version": 0,
          "attributes": {
            "http_method": "GET",
            "id": "agmr-hqu55s18y4-gsnnkr-GET-200",
            "resource_id": "gsnnkr",
            "response_models": {},
            "response_parameters": {},
            "rest_api_id": "hqu55s18y4",
            "status_code": "200"
          },
          "sensitive_attributes": [],
          "private": "bnVsbA==",
          "dependencies": [
            "aws_api_gateway_method.get_item_price_method",
            "aws_api_gateway_resource.get_item_price",
            "aws_api_gateway_resource.momotaro",
            "aws_api_gateway_rest_api.momotaro_api"
          ]
        }
      ]
    },
    {
      "mode": "managed",
      "type": "aws_api_gateway_method_response",
      "name": "get_menu_items_integration_response",
      "provider": "provider[\"registry.terraform.io/hashicorp/aws\"]",
      "instances": [
        {
          "schema_version": 0,
          "attributes": {
            "http_method": "GET",
            "id": "agmr-hqu55s18y4-veyd76-GET-200",
            "resource_id": "veyd76",
            "response_models": {},
            "response_parameters": {},
            "rest_api_id": "hqu55s18y4",
            "status_code": "200"
          },
          "sensitive_attributes": [],
          "private": "bnVsbA==",
          "dependencies": [
            "aws_api_gateway_method.get_menu_items_method",
            "aws_api_gateway_resource.get_menu_items",
            "aws_api_gateway_resource.momotaro",
            "aws_api_gateway_rest_api.momotaro_api"
          ]
        }
      ]
    },
    {
      "mode": "managed",
      "type": "aws_api_gateway_method_response",
      "name": "save_customer_info_integration_response",
      "provider": "provider[\"registry.terraform.io/hashicorp/aws\"]",
      "instances": [
        {
          "schema_version": 0,
          "attributes": {
            "http_method": "POST",
            "id": "agmr-hqu55s18y4-bhiehy-POST-200",
            "resource_id": "bhiehy",
            "response_models": {},
            "response_parameters": {},
            "rest_api_id": "hqu55s18y4",
            "status_code": "200"
          },
          "sensitive_attributes": [],
          "private": "bnVsbA==",
          "dependencies": [
            "aws_api_gateway_method.save_customer_info_method",
            "aws_api_gateway_resource.momotaro",
            "aws_api_gateway_resource.save_customer_info",
            "aws_api_gateway_rest_api.momotaro_api"
          ]
        }
      ]
    },
    {
      "mode": "managed",
      "type": "aws_api_gateway_method_response",
      "name": "send_email_integration_response",
      "provider": "provider[\"registry.terraform.io/hashicorp/aws\"]",
      "instances": [
        {
          "schema_version": 0,
          "attributes": {
            "http_method": "POST",
            "id": "agmr-hqu55s18y4-g8ra90-POST-200",
            "resource_id": "g8ra90",
            "response_models": {},
            "response_parameters": {},
            "rest_api_id": "hqu55s18y4",
            "status_code": "200"
          },
          "sensitive_attributes": [],
          "private": "bnVsbA==",
          "dependencies": [
            "aws_api_gateway_method.send_email_method",
            "aws_api_gateway_resource.momotaro",
            "aws_api_gateway_resource.send_email",
            "aws_api_gateway_rest_api.momotaro_api"
          ]
        }
      ]
    },
    {
      "mode": "managed",
      "type": "aws_api_gateway_method_settings",
      "name": "get_item_price_settings",
      "provider": "provider[\"registry.terraform.io/hashicorp/aws\"]",
      "instances": [
        {
          "schema_version": 0,
          "attributes": {
            "id": "hqu55s18y4-test-*/*",
            "method_path": "*/*",
            "rest_api_id": "hqu55s18y4",
            "settings": [
              {
                "cache_data_encrypted": false,
                "cache_ttl_in_seconds": 300,
                "caching_enabled": false,
                "data_trace_enabled": true,
                "logging_level": "INFO",
                "metrics_enabled": true,
                "require_authorization_for_cache_control": true,
                "throttling_burst_limit": -1,
                "throttling_rate_limit": -1,
                "unauthorized_cache_control_header_strategy": "SUCCEED_WITH_RESPONSE_HEADER"
              }
            ],
            "stage_name": "test"
          },
          "sensitive_attributes": [],
          "private": "bnVsbA==",
          "dependencies": [
            "aws_api_gateway_deployment.momotaro_deployment",
            "aws_api_gateway_rest_api.momotaro_api",
            "aws_api_gateway_stage.momotaro_stage"
          ]
        }
      ]
    },
    {
      "mode": "managed",
      "type": "aws_api_gateway_method_settings",
      "name": "get_menu_items_settings",
      "provider": "provider[\"registry.terraform.io/hashicorp/aws\"]",
      "instances": [
        {
          "schema_version": 0,
          "attributes": {
            "id": "hqu55s18y4-test-*/*",
            "method_path": "*/*",
            "rest_api_id": "hqu55s18y4",
            "settings": [
              {
                "cache_data_encrypted": false,
                "cache_ttl_in_seconds": 300,
                "caching_enabled": false,
                "data_trace_enabled": true,
                "logging_level": "INFO",
                "metrics_enabled": true,
                "require_authorization_for_cache_control": true,
                "throttling_burst_limit": -1,
                "throttling_rate_limit": -1,
                "unauthorized_cache_control_header_strategy": "SUCCEED_WITH_RESPONSE_HEADER"
              }
            ],
            "stage_name": "test"
          },
          "sensitive_attributes": [],
          "private": "bnVsbA==",
          "dependencies": [
            "aws_api_gateway_deployment.momotaro_deployment",
            "aws_api_gateway_rest_api.momotaro_api",
            "aws_api_gateway_stage.momotaro_stage"
          ]
        }
      ]
    },
    {
      "mode": "managed",
      "type": "aws_api_gateway_method_settings",
      "name": "save_customer_info_settings",
      "provider": "provider[\"registry.terraform.io/hashicorp/aws\"]",
      "instances": [
        {
          "schema_version": 0,
          "attributes": {
            "id": "hqu55s18y4-test-*/*",
            "method_path": "*/*",
            "rest_api_id": "hqu55s18y4",
            "settings": [
              {
                "cache_data_encrypted": false,
                "cache_ttl_in_seconds": 300,
                "caching_enabled": false,
                "data_trace_enabled": true,
                "logging_level": "INFO",
                "metrics_enabled": true,
                "require_authorization_for_cache_control": true,
                "throttling_burst_limit": -1,
                "throttling_rate_limit": -1,
                "unauthorized_cache_control_header_strategy": "SUCCEED_WITH_RESPONSE_HEADER"
              }
            ],
            "stage_name": "test"
          },
          "sensitive_attributes": [],
          "private": "bnVsbA==",
          "dependencies": [
            "aws_api_gateway_deployment.momotaro_deployment",
            "aws_api_gateway_rest_api.momotaro_api",
            "aws_api_gateway_stage.momotaro_stage"
          ]
        }
      ]
    },
    {
      "mode": "managed",
      "type": "aws_api_gateway_resource",
      "name": "get_item_price",
      "provider": "provider[\"registry.terraform.io/hashicorp/aws\"]",
      "instances": [
        {
          "schema_version": 0,
          "attributes": {
            "id": "gsnnkr",
            "parent_id": "iznnmt",
            "path": "/Momotaro/GetItemPrice",
            "path_part": "GetItemPrice",
            "rest_api_id": "hqu55s18y4"
          },
          "sensitive_attributes": [],
          "private": "bnVsbA==",
          "dependencies": [
            "aws_api_gateway_resource.momotaro",
            "aws_api_gateway_rest_api.momotaro_api"
          ]
        }
      ]
    },
    {
      "mode": "managed",
      "type": "aws_api_gateway_resource",
      "name": "get_menu_items",
      "provider": "provider[\"registry.terraform.io/hashicorp/aws\"]",
      "instances": [
        {
          "schema_version": 0,
          "attributes": {
            "id": "veyd76",
            "parent_id": "iznnmt",
            "path": "/Momotaro/GetMenuItems",
            "path_part": "GetMenuItems",
            "rest_api_id": "hqu55s18y4"
          },
          "sensitive_attributes": [],
          "private": "bnVsbA==",
          "dependencies": [
            "aws_api_gateway_resource.momotaro",
            "aws_api_gateway_rest_api.momotaro_api"
          ]
        }
      ]
    },
    {
      "mode": "managed",
      "type": "aws_api_gateway_resource",
      "name": "momotaro",
      "provider": "provider[\"registry.terraform.io/hashicorp/aws\"]",
      "instances": [
        {
          "schema_version": 0,
          "attributes": {
            "id": "iznnmt",
            "parent_id": "s56xvixab3",
            "path": "/Momotaro",
            "path_part": "Momotaro",
            "rest_api_id": "hqu55s18y4"
          },
          "sensitive_attributes": [],
          "private": "bnVsbA==",
          "dependencies": [
            "aws_api_gateway_rest_api.momotaro_api"
          ]
        }
      ]
    },
    {
      "mode": "managed",
      "type": "aws_api_gateway_resource",
      "name": "save_customer_info",
      "provider": "provider[\"registry.terraform.io/hashicorp/aws\"]",
      "instances": [
        {
          "schema_version": 0,
          "attributes": {
            "id": "bhiehy",
            "parent_id": "iznnmt",
            "path": "/Momotaro/SaveCustomerInfo",
            "path_part": "SaveCustomerInfo",
            "rest_api_id": "hqu55s18y4"
          },
          "sensitive_attributes": [],
          "private": "bnVsbA==",
          "dependencies": [
            "aws_api_gateway_resource.momotaro",
            "aws_api_gateway_rest_api.momotaro_api"
          ]
        }
      ]
    },
    {
      "mode": "managed",
      "type": "aws_api_gateway_resource",
      "name": "send_email",
      "provider": "provider[\"registry.terraform.io/hashicorp/aws\"]",
      "instances": [
        {
          "schema_version": 0,
          "attributes": {
            "id": "g8ra90",
            "parent_id": "iznnmt",
            "path": "/Momotaro/SendEmail",
            "path_part": "SendEmail",
            "rest_api_id": "hqu55s18y4"
          },
          "sensitive_attributes": [],
          "private": "bnVsbA==",
          "dependencies": [
            "aws_api_gateway_resource.momotaro",
            "aws_api_gateway_rest_api.momotaro_api"
          ]
        }
      ]
    },
    {
      "mode": "managed",
      "type": "aws_api_gateway_rest_api",
      "name": "momotaro_api",
      "provider": "provider[\"registry.terraform.io/hashicorp/aws\"]",
      "instances": [
        {
          "schema_version": 0,
          "attributes": {
            "api_key_source": "HEADER",
            "arn": "arn:aws:apigateway:ca-central-1::/restapis/hqu55s18y4",
            "binary_media_types": [],
            "body": null,
            "created_date": "2023-09-16T02:43:36Z",
            "description": "",
            "disable_execute_api_endpoint": false,
            "endpoint_configuration": [
              {
                "types": [
                  "REGIONAL"
                ],
                "vpc_endpoint_ids": []
              }
            ],
            "execution_arn": "arn:aws:execute-api:ca-central-1:798965869505:hqu55s18y4",
            "fail_on_warnings": null,
            "id": "hqu55s18y4",
            "minimum_compression_size": "",
            "name": "MomotaroAPI",
            "parameters": null,
            "policy": "",
            "put_rest_api_mode": null,
            "root_resource_id": "s56xvixab3",
            "tags": {},
            "tags_all": {}
          },
          "sensitive_attributes": [],
          "private": "bnVsbA==",
          "create_before_destroy": true
        }
      ]
    },
    {
      "mode": "managed",
      "type": "aws_api_gateway_stage",
      "name": "momotaro_stage",
      "provider": "provider[\"registry.terraform.io/hashicorp/aws\"]",
      "instances": [
        {
          "schema_version": 0,
          "attributes": {
            "access_log_settings": [],
            "arn": "arn:aws:apigateway:ca-central-1::/restapis/hqu55s18y4/stages/test",
            "cache_cluster_enabled": false,
            "cache_cluster_size": "",
            "canary_settings": [],
            "client_certificate_id": "",
            "deployment_id": "3y9wnq",
            "description": "",
            "documentation_version": "",
            "execution_arn": "arn:aws:execute-api:ca-central-1:798965869505:hqu55s18y4/test",
            "id": "ags-hqu55s18y4-test",
            "invoke_url": "https://hqu55s18y4.execute-api.ca-central-1.amazonaws.com/test",
            "rest_api_id": "hqu55s18y4",
            "stage_name": "test",
            "tags": {},
            "tags_all": {},
            "variables": {},
            "web_acl_arn": "",
            "xray_tracing_enabled": false
          },
          "sensitive_attributes": [],
          "private": "bnVsbA==",
          "dependencies": [
            "aws_api_gateway_deployment.momotaro_deployment",
            "aws_api_gateway_rest_api.momotaro_api"
          ]
        }
      ]
    },
    {
      "mode": "managed",
      "type": "aws_dynamodb_table",
      "name": "momotaro_sushi_db",
      "provider": "provider[\"registry.terraform.io/hashicorp/aws\"]",
      "instances": [
        {
          "schema_version": 1,
          "attributes": {
            "arn": "arn:aws:dynamodb:ca-central-1:798965869505:table/MomotaroSushi_DB",
            "attribute": [
              {
                "name": "OrderID",
                "type": "S"
              }
            ],
            "billing_mode": "PAY_PER_REQUEST",
            "deletion_protection_enabled": false,
            "global_secondary_index": [],
            "hash_key": "OrderID",
            "id": "MomotaroSushi_DB",
            "local_secondary_index": [],
            "name": "MomotaroSushi_DB",
            "point_in_time_recovery": [
              {
                "enabled": false
              }
            ],
            "range_key": null,
            "read_capacity": 0,
            "replica": [],
            "restore_date_time": null,
            "restore_source_name": null,
            "restore_to_latest_time": null,
            "server_side_encryption": [],
            "stream_arn": "",
            "stream_enabled": false,
            "stream_label": "",
            "stream_view_type": "",
            "table_class": "STANDARD",
            "tags": {},
            "tags_all": {},
            "timeouts": null,
            "ttl": [
              {
                "attribute_name": "",
                "enabled": false
              }
            ],
            "write_capacity": 0
          },
          "sensitive_attributes": [],
          "private": "eyJlMmJmYjczMC1lY2FhLTExZTYtOGY4OC0zNDM2M2JjN2M0YzAiOnsiY3JlYXRlIjoxODAwMDAwMDAwMDAwLCJkZWxldGUiOjYwMDAwMDAwMDAwMCwidXBkYXRlIjozNjAwMDAwMDAwMDAwfSwic2NoZW1hX3ZlcnNpb24iOiIxIn0="
        }
      ]
    },
    {
      "mode": "managed",
      "type": "aws_dynamodb_table",
      "name": "momotaro_sushi_menu_db",
      "provider": "provider[\"registry.terraform.io/hashicorp/aws\"]",
      "instances": [
        {
          "schema_version": 1,
          "attributes": {
            "arn": "arn:aws:dynamodb:ca-central-1:798965869505:table/MomotaroSushiMenu_DB",
            "attribute": [
              {
                "name": "ItemName",
                "type": "S"
              }
            ],
            "billing_mode": "PAY_PER_REQUEST",
            "deletion_protection_enabled": false,
            "global_secondary_index": [],
            "hash_key": "ItemName",
            "id": "MomotaroSushiMenu_DB",
            "local_secondary_index": [],
            "name": "MomotaroSushiMenu_DB",
            "point_in_time_recovery": [
              {
                "enabled": false
              }
            ],
            "range_key": null,
            "read_capacity": 0,
            "replica": [],
            "restore_date_time": null,
            "restore_source_name": null,
            "restore_to_latest_time": null,
            "server_side_encryption": [],
            "stream_arn": "",
            "stream_enabled": false,
            "stream_label": "",
            "stream_view_type": "",
            "table_class": "STANDARD",
            "tags": {},
            "tags_all": {},
            "timeouts": null,
            "ttl": [
              {
                "attribute_name": "",
                "enabled": false
              }
            ],
            "write_capacity": 0
          },
          "sensitive_attributes": [],
          "private": "eyJlMmJmYjczMC1lY2FhLTExZTYtOGY4OC0zNDM2M2JjN2M0YzAiOnsiY3JlYXRlIjoxODAwMDAwMDAwMDAwLCJkZWxldGUiOjYwMDAwMDAwMDAwMCwidXBkYXRlIjozNjAwMDAwMDAwMDAwfSwic2NoZW1hX3ZlcnNpb24iOiIxIn0="
        }
      ]
    },
    {
      "mode": "managed",
      "type": "aws_dynamodb_table",
      "name": "state_lock_db",
      "provider": "provider[\"registry.terraform.io/hashicorp/aws\"]",
      "instances": [
        {
          "schema_version": 1,
          "attributes": {
            "arn": "arn:aws:dynamodb:ca-central-1:798965869505:table/Momotaro_State_Lock",
            "attribute": [
              {
                "name": "LockID",
                "type": "S"
              }
            ],
            "billing_mode": "PAY_PER_REQUEST",
            "deletion_protection_enabled": false,
            "global_secondary_index": [],
            "hash_key": "LockID",
            "id": "Momotaro_State_Lock",
            "local_secondary_index": [],
            "name": "Momotaro_State_Lock",
            "point_in_time_recovery": [
              {
                "enabled": false
              }
            ],
            "range_key": null,
            "read_capacity": 0,
            "replica": [],
            "restore_date_time": null,
            "restore_source_name": null,
            "restore_to_latest_time": null,
            "server_side_encryption": [],
            "stream_arn": "",
            "stream_enabled": false,
            "stream_label": "",
            "stream_view_type": "",
            "table_class": "STANDARD",
            "tags": {},
            "tags_all": {},
            "timeouts": null,
            "ttl": [
              {
                "attribute_name": "",
                "enabled": false
              }
            ],
            "write_capacity": 0
          },
          "sensitive_attributes": [],
          "private": "eyJlMmJmYjczMC1lY2FhLTExZTYtOGY4OC0zNDM2M2JjN2M0YzAiOnsiY3JlYXRlIjoxODAwMDAwMDAwMDAwLCJkZWxldGUiOjYwMDAwMDAwMDAwMCwidXBkYXRlIjozNjAwMDAwMDAwMDAwfSwic2NoZW1hX3ZlcnNpb24iOiIxIn0="
        }
      ]
    },
    {
      "mode": "managed",
      "type": "aws_pinpoint_app",
      "name": "MomotaroPinpoint",
      "provider": "provider[\"registry.terraform.io/hashicorp/aws\"]",
      "instances": [
        {
          "schema_version": 0,
          "attributes": {
            "application_id": "ddd983e82656445c819e0f518809cce9",
            "arn": "arn:aws:mobiletargeting:ca-central-1:798965869505:apps/ddd983e82656445c819e0f518809cce9",
            "campaign_hook": [
              {
                "lambda_function_name": "",
                "mode": "",
                "web_url": ""
              }
            ],
            "id": "ddd983e82656445c819e0f518809cce9",
            "limits": [
              {
                "daily": 0,
                "maximum_duration": 0,
                "messages_per_second": 0,
                "total": 0
              }
            ],
            "name": "MomotaroPinpoint",
            "name_prefix": null,
            "quiet_time": [
              {
                "end": "",
                "start": ""
              }
            ],
            "tags": {
              "Environment": "Production"
            },
            "tags_all": {
              "Environment": "Production"
            }
          },
          "sensitive_attributes": [],
          "private": "bnVsbA=="
        }
      ]
    },
    {
      "mode": "managed",
      "type": "aws_s3_bucket",
      "name": "state_bucket",
      "provider": "provider[\"registry.terraform.io/hashicorp/aws\"]",
      "instances": [
        {
          "schema_version": 0,
          "attributes": {
            "acceleration_status": "",
            "acl": null,
            "arn": "arn:aws:s3:::momotaro-state-backend",
            "bucket": "momotaro-state-backend",
            "bucket_domain_name": "momotaro-state-backend.s3.amazonaws.com",
            "bucket_prefix": "",
            "bucket_regional_domain_name": "momotaro-state-backend.s3.ca-central-1.amazonaws.com",
            "cors_rule": [],
            "force_destroy": false,
            "grant": [
              {
                "id": "a3ad73246fe2580111418a3ebcdea6472f666dfbbf77e788866f9fa021179f08",
                "permissions": [
                  "FULL_CONTROL"
                ],
                "type": "CanonicalUser",
                "uri": ""
              }
            ],
            "hosted_zone_id": "Z1QDHH18159H29",
            "id": "momotaro-state-backend",
            "lifecycle_rule": [],
            "logging": [],
            "object_lock_configuration": [],
            "object_lock_enabled": false,
            "policy": "",
            "region": "ca-central-1",
            "replication_configuration": [],
            "request_payer": "BucketOwner",
            "server_side_encryption_configuration": [
              {
                "rule": [
                  {
                    "apply_server_side_encryption_by_default": [
                      {
                        "kms_master_key_id": "",
                        "sse_algorithm": "AES256"
                      }
                    ],
                    "bucket_key_enabled": false
                  }
                ]
              }
            ],
            "tags": {},
            "tags_all": {},
            "timeouts": null,
            "versioning": [
              {
                "enabled": true,
                "mfa_delete": false
              }
            ],
            "website": [],
            "website_domain": null,
            "website_endpoint": null
          },
          "sensitive_attributes": [],
          "private": "eyJlMmJmYjczMC1lY2FhLTExZTYtOGY4OC0zNDM2M2JjN2M0YzAiOnsiY3JlYXRlIjoxMjAwMDAwMDAwMDAwLCJkZWxldGUiOjM2MDAwMDAwMDAwMDAsInJlYWQiOjEyMDAwMDAwMDAwMDAsInVwZGF0ZSI6MTIwMDAwMDAwMDAwMH19"
        }
      ]
    },
    {
      "mode": "managed",
      "type": "aws_ses_email_identity",
      "name": "receiver",
      "provider": "provider[\"registry.terraform.io/hashicorp/aws\"]",
      "instances": [
        {
          "schema_version": 0,
          "attributes": {
            "arn": "arn:aws:ses:ca-central-1:798965869505:identity/kendxd@gmail.com",
            "email": "kendxd@gmail.com",
            "id": "kendxd@gmail.com"
          },
          "sensitive_attributes": [],
          "private": "bnVsbA=="
        }
      ]
    },
    {
      "mode": "managed",
      "type": "aws_ses_email_identity",
      "name": "sender",
      "provider": "provider[\"registry.terraform.io/hashicorp/aws\"]",
      "instances": [
        {
          "schema_version": 0,
          "attributes": {
            "arn": "arn:aws:ses:ca-central-1:798965869505:identity/kencfs@outlook.com",
            "email": "kencfs@outlook.com",
            "id": "kencfs@outlook.com"
          },
          "sensitive_attributes": [],
          "private": "bnVsbA=="
        }
      ]
    },
    {
      "mode": "managed",
      "type": "aws_sns_topic",
      "name": "my_topic",
      "provider": "provider[\"registry.terraform.io/hashicorp/aws\"]",
      "instances": [
        {
          "schema_version": 0,
          "attributes": {
            "application_failure_feedback_role_arn": "",
            "application_success_feedback_role_arn": "",
            "application_success_feedback_sample_rate": 0,
            "arn": "arn:aws:sns:ca-central-1:798965869505:MomotaroSNS",
            "content_based_deduplication": false,
            "delivery_policy": "",
            "display_name": "",
            "fifo_topic": false,
            "firehose_failure_feedback_role_arn": "",
            "firehose_success_feedback_role_arn": "",
            "firehose_success_feedback_sample_rate": 0,
            "http_failure_feedback_role_arn": "",
            "http_success_feedback_role_arn": "",
            "http_success_feedback_sample_rate": 0,
            "id": "arn:aws:sns:ca-central-1:798965869505:MomotaroSNS",
            "kms_master_key_id": "",
            "lambda_failure_feedback_role_arn": "",
            "lambda_success_feedback_role_arn": "",
            "lambda_success_feedback_sample_rate": 0,
            "name": "MomotaroSNS",
            "name_prefix": "",
            "owner": "798965869505",
            "policy": "{\"Id\":\"__default_policy_ID\",\"Statement\":[{\"Action\":[\"SNS:GetTopicAttributes\",\"SNS:SetTopicAttributes\",\"SNS:AddPermission\",\"SNS:RemovePermission\",\"SNS:DeleteTopic\",\"SNS:Subscribe\",\"SNS:ListSubscriptionsByTopic\",\"SNS:Publish\"],\"Condition\":{\"StringEquals\":{\"AWS:SourceOwner\":\"798965869505\"}},\"Effect\":\"Allow\",\"Principal\":{\"AWS\":\"*\"},\"Resource\":\"arn:aws:sns:ca-central-1:798965869505:MomotaroSNS\",\"Sid\":\"__default_statement_ID\"}],\"Version\":\"2008-10-17\"}",
            "signature_version": 0,
            "sqs_failure_feedback_role_arn": "",
            "sqs_success_feedback_role_arn": "",
            "sqs_success_feedback_sample_rate": 0,
            "tags": {},
            "tags_all": {},
            "tracing_config": ""
          },
          "sensitive_attributes": [],
          "private": "bnVsbA=="
        }
      ]
    }
  ],
  "check_results": null
}
